
Microsoft Visual Studio Solution File, Format Version 12.00
# Visual Studio Version 16
VisualStudioVersion = 16.0.29926.136
MinimumVisualStudioVersion = 10.0.40219.1
Project("{9A19103F-16F7-4668-BE54-9A1E7A4F7556}") = "EDPoS_API_Core", "EDPoS_API_Core\EDPoS_API_Core.csproj", "{9F034883-E9D4-4585-AB3C-3BAFDC0B636F}"
EndProject
Project("{9A19103F-16F7-4668-BE54-9A1E7A4F7556}") = "Test", "Test\Test.csproj", "{F26ED9C7-4CD2-4896-9028-A451394959A7}"
EndProject
Global
	GlobalSection(SolutionConfigurationPlatforms) = preSolution
		Debug|Any CPU = Debug|Any CPU
		Release|Any CPU = Release|Any CPU
	EndGlobalSection
	GlobalSection(ProjectConfigurationPlatforms) = postSolution
		{9F034883-E9D4-4585-AB3C-3BAFDC0B636F}.Debug|Any CPU.ActiveCfg = Debug|Any CPU
		{9F034883-E9D4-4585-AB3C-3BAFDC0B636F}.Debug|Any CPU.Build.0 = Debug|Any CPU
		{9F034883-E9D4-4585-AB3C-3BAFDC0B636F}.Release|Any CPU.ActiveCfg = Release|Any CPU
		{9F034883-E9D4-4585-AB3C-3BAFDC0B636F}.Release|Any CPU.Build.0 = Release|Any CPU
		{F26ED9C7-4CD2-4896-9028-A451394959A7}.Debug|Any CPU.ActiveCfg = Debug|Any CPU
		{F26ED9C7-4CD2-4896-9028-A451394959A7}.Debug|Any CPU.Build.0 = Debug|Any CPU
		{F26ED9C7-4CD2-4896-9028-A451394959A7}.Release|Any CPU.ActiveCfg = Release|Any CPU
		{F26ED9C7-4CD2-4896-9028-A451394959A7}.Release|Any CPU.Build.0 = Release|Any CPU
	EndGlobalSection
	GlobalSection(SolutionProperties) = preSolution
		HideSolutionNode = FALSE
	EndGlobalSection
	GlobalSection(ExtensibilityGlobals) = postSolution
		SolutionGuid = {3DF03032-6310-4ECA-A77D-9A0F5C970359}
	EndGlobalSection
EndGlobal
